version = 1
requires-python = ">=3.13"

[[package]]
name = "beautifulsoup4"
version = "4.12.3"
source = { registry = "https://pypi.org/simple" }
dependencies = [
    { name = "soupsieve" },
]
sdist = { url = "https://files.pythonhosted.org/packages/b3/ca/824b1195773ce6166d388573fc106ce56d4a805bd7427b624e063596ec58/beautifulsoup4-4.12.3.tar.gz", hash = "sha256:74e3d1928edc070d21748185c46e3fb33490f22f52a3addee9aee0f4f7781051", size = 581181 }
wheels = [
    { url = "https://files.pythonhosted.org/packages/b1/fe/e8c672695b37eecc5cbf43e1d0638d88d66ba3a44c4d321c796f4e59167f/beautifulsoup4-4.12.3-py3-none-any.whl", hash = "sha256:b80878c9f40111313e55da8ba20bdba06d8fa3969fc68304167741bbf9e082ed", size = 147925 },
]

[[package]]
name = "boto3"
version = "1.35.49"
source = { registry = "https://pypi.org/simple" }
dependencies = [
    { name = "botocore" },
    { name = "jmespath" },
    { name = "s3transfer" },
]
sdist = { url = "https://files.pythonhosted.org/packages/73/c6/a18789b17138bc4f3001bfee42c07f85b9432475f5e8188c5699d481a376/boto3-1.35.49.tar.gz", hash = "sha256:ddecb27f5699ca9f97711c52b6c0652c2e63bf6c2bfbc13b819b4f523b4d30ff", size = 111007 }
wheels = [
    { url = "https://files.pythonhosted.org/packages/ce/4e/181f3fb8bb54b34a6cfa1e36f9088f66ce8f00c8bf5d1d78a07db9193f9a/boto3-1.35.49-py3-none-any.whl", hash = "sha256:b660c649a27a6b47a34f6f858f5bd7c3b0a798a16dec8dda7cbebeee80fd1f60", size = 139160 },
]

[[package]]
name = "boto3-stubs"
version = "1.35.49"
source = { registry = "https://pypi.org/simple" }
dependencies = [
    { name = "botocore-stubs" },
    { name = "types-s3transfer" },
]
sdist = { url = "https://files.pythonhosted.org/packages/a2/31/0692d10cc2b82a30bff37f7522ab85bf7c97e6284922f04ffde0693f6c04/boto3_stubs-1.35.49.tar.gz", hash = "sha256:2a2e08ba2383df6f478127f9754a02a590131249b40c59d7c6ca9fce76906785", size = 90951 }
wheels = [
    { url = "https://files.pythonhosted.org/packages/1a/2c/4aeef75df96a34ec9d975642bd8c283c15be758506afcf08d9edba0c4c29/boto3_stubs-1.35.49-py3-none-any.whl", hash = "sha256:daad87dcff906f7c09dde4ef3c252e2c47b6e1e8e669f5a8311658ac0d1182c0", size = 61600 },
]

[package.optional-dependencies]
essential = [
    { name = "mypy-boto3-cloudformation" },
    { name = "mypy-boto3-dynamodb" },
    { name = "mypy-boto3-ec2" },
    { name = "mypy-boto3-lambda" },
    { name = "mypy-boto3-rds" },
    { name = "mypy-boto3-s3" },
    { name = "mypy-boto3-sqs" },
]

[[package]]
name = "botocore"
version = "1.35.49"
source = { registry = "https://pypi.org/simple" }
dependencies = [
    { name = "jmespath" },
    { name = "python-dateutil" },
    { name = "urllib3" },
]
sdist = { url = "https://files.pythonhosted.org/packages/16/c3/20c4d7df35b7a93a4999c881beaf38dbf91fd7c82c28d876c3cdd0959fe3/botocore-1.35.49.tar.gz", hash = "sha256:07d0c1325fdbfa49a4a054413dbdeab0a6030449b2aa66099241af2dac48afd8", size = 12834141 }
wheels = [
    { url = "https://files.pythonhosted.org/packages/e3/3f/7c932ed4f6884b37e9a5bd3b37f88b35fa89491d635ab5b2cfeb8b800f95/botocore-1.35.49-py3-none-any.whl", hash = "sha256:aed4d3643afd702920792b68fbe712a8c3847993820d1048cd238a6469354da1", size = 12618818 },
]

[[package]]
name = "botocore-stubs"
version = "1.35.49"
source = { registry = "https://pypi.org/simple" }
dependencies = [
    { name = "types-awscrt" },
]
sdist = { url = "https://files.pythonhosted.org/packages/b4/91/a60415d7ed02a13c920a42237be617547820761670e223539b0e061639fe/botocore_stubs-1.35.49.tar.gz", hash = "sha256:c5006e31d77e290eca215e6a71292ea7b029b54900310ed0f87da8e844f1db38", size = 40588 }
wheels = [
    { url = "https://files.pythonhosted.org/packages/b0/92/b895334118b3856f463bcda3deeb2fbe5f6052d962921704d4cd1d538b7e/botocore_stubs-1.35.49-py3-none-any.whl", hash = "sha256:367ce067e003de7e9b76320f551ba4fc8369a4b7ef10210f6071d3593fea2605", size = 60138 },
]

[[package]]
name = "certifi"
version = "2024.8.30"
source = { registry = "https://pypi.org/simple" }
sdist = { url = "https://files.pythonhosted.org/packages/b0/ee/9b19140fe824b367c04c5e1b369942dd754c4c5462d5674002f75c4dedc1/certifi-2024.8.30.tar.gz", hash = "sha256:bec941d2aa8195e248a60b31ff9f0558284cf01a52591ceda73ea9afffd69fd9", size = 168507 }
wheels = [
    { url = "https://files.pythonhosted.org/packages/12/90/3c9ff0512038035f59d279fddeb79f5f1eccd8859f06d6163c58798b9487/certifi-2024.8.30-py3-none-any.whl", hash = "sha256:922820b53db7a7257ffbda3f597266d435245903d80737e34f8a45ff3e3230d8", size = 167321 },
]

[[package]]
name = "charset-normalizer"
version = "3.4.0"
source = { registry = "https://pypi.org/simple" }
sdist = { url = "https://files.pythonhosted.org/packages/f2/4f/e1808dc01273379acc506d18f1504eb2d299bd4131743b9fc54d7be4df1e/charset_normalizer-3.4.0.tar.gz", hash = "sha256:223217c3d4f82c3ac5e29032b3f1c2eb0fb591b72161f86d93f5719079dae93e", size = 106620 }
wheels = [
    { url = "https://files.pythonhosted.org/packages/f3/89/68a4c86f1a0002810a27f12e9a7b22feb198c59b2f05231349fbce5c06f4/charset_normalizer-3.4.0-cp313-cp313-macosx_10_13_universal2.whl", hash = "sha256:dd4eda173a9fcccb5f2e2bd2a9f423d180194b1bf17cf59e3269899235b2a114", size = 194617 },
    { url = "https://files.pythonhosted.org/packages/4f/cd/8947fe425e2ab0aa57aceb7807af13a0e4162cd21eee42ef5b053447edf5/charset_normalizer-3.4.0-cp313-cp313-macosx_10_13_x86_64.whl", hash = "sha256:e9e3c4c9e1ed40ea53acf11e2a386383c3304212c965773704e4603d589343ed", size = 125310 },
    { url = "https://files.pythonhosted.org/packages/5b/f0/b5263e8668a4ee9becc2b451ed909e9c27058337fda5b8c49588183c267a/charset_normalizer-3.4.0-cp313-cp313-macosx_11_0_arm64.whl", hash = "sha256:92a7e36b000bf022ef3dbb9c46bfe2d52c047d5e3f3343f43204263c5addc250", size = 119126 },
    { url = "https://files.pythonhosted.org/packages/ff/6e/e445afe4f7fda27a533f3234b627b3e515a1b9429bc981c9a5e2aa5d97b6/charset_normalizer-3.4.0-cp313-cp313-manylinux_2_17_aarch64.manylinux2014_aarch64.whl", hash = "sha256:54b6a92d009cbe2fb11054ba694bc9e284dad30a26757b1e372a1fdddaf21920", size = 139342 },
    { url = "https://files.pythonhosted.org/packages/a1/b2/4af9993b532d93270538ad4926c8e37dc29f2111c36f9c629840c57cd9b3/charset_normalizer-3.4.0-cp313-cp313-manylinux_2_17_ppc64le.manylinux2014_ppc64le.whl", hash = "sha256:1ffd9493de4c922f2a38c2bf62b831dcec90ac673ed1ca182fe11b4d8e9f2a64", size = 149383 },
    { url = "https://files.pythonhosted.org/packages/fb/6f/4e78c3b97686b871db9be6f31d64e9264e889f8c9d7ab33c771f847f79b7/charset_normalizer-3.4.0-cp313-cp313-manylinux_2_17_s390x.manylinux2014_s390x.whl", hash = "sha256:35c404d74c2926d0287fbd63ed5d27eb911eb9e4a3bb2c6d294f3cfd4a9e0c23", size = 142214 },
    { url = "https://files.pythonhosted.org/packages/2b/c9/1c8fe3ce05d30c87eff498592c89015b19fade13df42850aafae09e94f35/charset_normalizer-3.4.0-cp313-cp313-manylinux_2_17_x86_64.manylinux2014_x86_64.whl", hash = "sha256:4796efc4faf6b53a18e3d46343535caed491776a22af773f366534056c4e1fbc", size = 144104 },
    { url = "https://files.pythonhosted.org/packages/ee/68/efad5dcb306bf37db7db338338e7bb8ebd8cf38ee5bbd5ceaaaa46f257e6/charset_normalizer-3.4.0-cp313-cp313-manylinux_2_5_i686.manylinux1_i686.manylinux_2_17_i686.manylinux2014_i686.whl", hash = "sha256:e7fdd52961feb4c96507aa649550ec2a0d527c086d284749b2f582f2d40a2e0d", size = 146255 },
    { url = "https://files.pythonhosted.org/packages/0c/75/1ed813c3ffd200b1f3e71121c95da3f79e6d2a96120163443b3ad1057505/charset_normalizer-3.4.0-cp313-cp313-musllinux_1_2_aarch64.whl", hash = "sha256:92db3c28b5b2a273346bebb24857fda45601aef6ae1c011c0a997106581e8a88", size = 140251 },
    { url = "https://files.pythonhosted.org/packages/7d/0d/6f32255c1979653b448d3c709583557a4d24ff97ac4f3a5be156b2e6a210/charset_normalizer-3.4.0-cp313-cp313-musllinux_1_2_i686.whl", hash = "sha256:ab973df98fc99ab39080bfb0eb3a925181454d7c3ac8a1e695fddfae696d9e90", size = 148474 },
    { url = "https://files.pythonhosted.org/packages/ac/a0/c1b5298de4670d997101fef95b97ac440e8c8d8b4efa5a4d1ef44af82f0d/charset_normalizer-3.4.0-cp313-cp313-musllinux_1_2_ppc64le.whl", hash = "sha256:4b67fdab07fdd3c10bb21edab3cbfe8cf5696f453afce75d815d9d7223fbe88b", size = 151849 },
    { url = "https://files.pythonhosted.org/packages/04/4f/b3961ba0c664989ba63e30595a3ed0875d6790ff26671e2aae2fdc28a399/charset_normalizer-3.4.0-cp313-cp313-musllinux_1_2_s390x.whl", hash = "sha256:aa41e526a5d4a9dfcfbab0716c7e8a1b215abd3f3df5a45cf18a12721d31cb5d", size = 149781 },
    { url = "https://files.pythonhosted.org/packages/d8/90/6af4cd042066a4adad58ae25648a12c09c879efa4849c705719ba1b23d8c/charset_normalizer-3.4.0-cp313-cp313-musllinux_1_2_x86_64.whl", hash = "sha256:ffc519621dce0c767e96b9c53f09c5d215578e10b02c285809f76509a3931482", size = 144970 },
    { url = "https://files.pythonhosted.org/packages/cc/67/e5e7e0cbfefc4ca79025238b43cdf8a2037854195b37d6417f3d0895c4c2/charset_normalizer-3.4.0-cp313-cp313-win32.whl", hash = "sha256:f19c1585933c82098c2a520f8ec1227f20e339e33aca8fa6f956f6691b784e67", size = 94973 },
    { url = "https://files.pythonhosted.org/packages/65/97/fc9bbc54ee13d33dc54a7fcf17b26368b18505500fc01e228c27b5222d80/charset_normalizer-3.4.0-cp313-cp313-win_amd64.whl", hash = "sha256:707b82d19e65c9bd28b81dde95249b07bf9f5b90ebe1ef17d9b57473f8a64b7b", size = 102308 },
    { url = "https://files.pythonhosted.org/packages/bf/9b/08c0432272d77b04803958a4598a51e2a4b51c06640af8b8f0f908c18bf2/charset_normalizer-3.4.0-py3-none-any.whl", hash = "sha256:fe9f97feb71aa9896b81973a7bbada8c49501dc73e58a10fcef6663af95e5079", size = 49446 },
]

[[package]]
name = "click"
version = "8.1.7"
source = { registry = "https://pypi.org/simple" }
dependencies = [
    { name = "colorama", marker = "platform_system == 'Windows'" },
]
sdist = { url = "https://files.pythonhosted.org/packages/96/d3/f04c7bfcf5c1862a2a5b845c6b2b360488cf47af55dfa79c98f6a6bf98b5/click-8.1.7.tar.gz", hash = "sha256:ca9853ad459e787e2192211578cc907e7594e294c7ccc834310722b41b9ca6de", size = 336121 }
wheels = [
    { url = "https://files.pythonhosted.org/packages/00/2e/d53fa4befbf2cfa713304affc7ca780ce4fc1fd8710527771b58311a3229/click-8.1.7-py3-none-any.whl", hash = "sha256:ae74fb96c20a0277a1d615f1e4d73c8414f5a98db8b799a7931d1582f3390c28", size = 97941 },
]

[[package]]
name = "colorama"
version = "0.4.6"
source = { registry = "https://pypi.org/simple" }
sdist = { url = "https://files.pythonhosted.org/packages/d8/53/6f443c9a4a8358a93a6792e2acffb9d9d5cb0a5cfd8802644b7b1c9a02e4/colorama-0.4.6.tar.gz", hash = "sha256:08695f5cb7ed6e0531a20572697297273c47b8cae5a63ffc6d6ed5c201be6e44", size = 27697 }
wheels = [
    { url = "https://files.pythonhosted.org/packages/d1/d6/3965ed04c63042e047cb6a3e6ed1a63a35087b6a609aa3a15ed8ac56c221/colorama-0.4.6-py2.py3-none-any.whl", hash = "sha256:4f1d9991f5acc0ca119f9d443620b77f9d6b33703e51011c16baf57afb285fc6", size = 25335 },
]

[[package]]
name = "idna"
version = "3.10"
source = { registry = "https://pypi.org/simple" }
sdist = { url = "https://files.pythonhosted.org/packages/f1/70/7703c29685631f5a7590aa73f1f1d3fa9a380e654b86af429e0934a32f7d/idna-3.10.tar.gz", hash = "sha256:12f65c9b470abda6dc35cf8e63cc574b1c52b11df2c86030af0ac09b01b13ea9", size = 190490 }
wheels = [
    { url = "https://files.pythonhosted.org/packages/76/c6/c88e154df9c4e1a2a66ccf0005a88dfb2650c1dffb6f5ce603dfbd452ce3/idna-3.10-py3-none-any.whl", hash = "sha256:946d195a0d259cbba61165e88e65941f16e9b36ea6ddb97f00452bae8b1287d3", size = 70442 },
]

[[package]]
name = "ingest-wikimedia"
version = "0.2.0"
source = { virtual = "." }
dependencies = [
    { name = "beautifulsoup4" },
    { name = "boto3" },
    { name = "boto3-stubs", extra = ["essential"] },
    { name = "click" },
    { name = "python-magic" },
    { name = "pywikibot" },
    { name = "requests" },
]

[package.dependency-groups]
dev = [
    { name = "mypy" },
    { name = "pytest" },
    { name = "types-requests" },
]

[package.metadata]
requires-dist = [
    { name = "beautifulsoup4", specifier = ">=4.12.3" },
    { name = "boto3", specifier = ">=1.35.49" },
    { name = "boto3-stubs", extras = ["essential"], specifier = ">=1.35.49" },
    { name = "click", specifier = ">=8.1.7" },
    { name = "python-magic", specifier = ">=0.4.27" },
    { name = "pywikibot", specifier = ">=9.4.1" },
    { name = "requests", specifier = ">=2.32.3" },
]

[package.metadata.dependency-groups]
dev = [
    { name = "mypy", specifier = ">=1.13.0" },
    { name = "pytest", specifier = ">=8.3.3" },
    { name = "types-requests", specifier = ">=2.32.0.20241016" },
]

[[package]]
name = "iniconfig"
version = "2.0.0"
source = { registry = "https://pypi.org/simple" }
sdist = { url = "https://files.pythonhosted.org/packages/d7/4b/cbd8e699e64a6f16ca3a8220661b5f83792b3017d0f79807cb8708d33913/iniconfig-2.0.0.tar.gz", hash = "sha256:2d91e135bf72d31a410b17c16da610a82cb55f6b0477d1a902134b24a455b8b3", size = 4646 }
wheels = [
    { url = "https://files.pythonhosted.org/packages/ef/a6/62565a6e1cf69e10f5727360368e451d4b7f58beeac6173dc9db836a5b46/iniconfig-2.0.0-py3-none-any.whl", hash = "sha256:b6a85871a79d2e3b22d2d1b94ac2824226a63c6b741c88f7ae975f18b6778374", size = 5892 },
]

[[package]]
name = "jmespath"
version = "1.0.1"
source = { registry = "https://pypi.org/simple" }
sdist = { url = "https://files.pythonhosted.org/packages/00/2a/e867e8531cf3e36b41201936b7fa7ba7b5702dbef42922193f05c8976cd6/jmespath-1.0.1.tar.gz", hash = "sha256:90261b206d6defd58fdd5e85f478bf633a2901798906be2ad389150c5c60edbe", size = 25843 }
wheels = [
    { url = "https://files.pythonhosted.org/packages/31/b4/b9b800c45527aadd64d5b442f9b932b00648617eb5d63d2c7a6587b7cafc/jmespath-1.0.1-py3-none-any.whl", hash = "sha256:02e2e4cc71b5bcab88332eebf907519190dd9e6e82107fa7f83b1003a6252980", size = 20256 },
]

[[package]]
name = "mwparserfromhell"
version = "0.6.6"
source = { registry = "https://pypi.org/simple" }
sdist = { url = "https://files.pythonhosted.org/packages/47/aa/358f9af602b743ac8898353f240f678b69722801bd0625507c69d9755936/mwparserfromhell-0.6.6.tar.gz", hash = "sha256:71afec1e9784ba576e95d6f34845582d3c733a3a52ba770dd8a9c3a40e5b649f", size = 138899 }

[[package]]
name = "mypy"
version = "1.13.0"
source = { registry = "https://pypi.org/simple" }
dependencies = [
    { name = "mypy-extensions" },
    { name = "typing-extensions" },
]
sdist = { url = "https://files.pythonhosted.org/packages/e8/21/7e9e523537991d145ab8a0a2fd98548d67646dc2aaaf6091c31ad883e7c1/mypy-1.13.0.tar.gz", hash = "sha256:0291a61b6fbf3e6673e3405cfcc0e7650bebc7939659fdca2702958038bd835e", size = 3152532 }
wheels = [
    { url = "https://files.pythonhosted.org/packages/11/bb/ab4cfdc562cad80418f077d8be9b4491ee4fb257440da951b85cbb0a639e/mypy-1.13.0-cp313-cp313-macosx_10_13_x86_64.whl", hash = "sha256:a7b44178c9760ce1a43f544e595d35ed61ac2c3de306599fa59b38a6048e1aa7", size = 11069721 },
    { url = "https://files.pythonhosted.org/packages/59/3b/a393b1607cb749ea2c621def5ba8c58308ff05e30d9dbdc7c15028bca111/mypy-1.13.0-cp313-cp313-macosx_11_0_arm64.whl", hash = "sha256:5d5092efb8516d08440e36626f0153b5006d4088c1d663d88bf79625af3d1d62", size = 10063996 },
    { url = "https://files.pythonhosted.org/packages/d1/1f/6b76be289a5a521bb1caedc1f08e76ff17ab59061007f201a8a18cc514d1/mypy-1.13.0-cp313-cp313-manylinux_2_17_x86_64.manylinux2014_x86_64.manylinux_2_28_x86_64.whl", hash = "sha256:de2904956dac40ced10931ac967ae63c5089bd498542194b436eb097a9f77bc8", size = 12584043 },
    { url = "https://files.pythonhosted.org/packages/a6/83/5a85c9a5976c6f96e3a5a7591aa28b4a6ca3a07e9e5ba0cec090c8b596d6/mypy-1.13.0-cp313-cp313-musllinux_1_1_x86_64.whl", hash = "sha256:7bfd8836970d33c2105562650656b6846149374dc8ed77d98424b40b09340ba7", size = 13036996 },
    { url = "https://files.pythonhosted.org/packages/b4/59/c39a6f752f1f893fccbcf1bdd2aca67c79c842402b5283563d006a67cf76/mypy-1.13.0-cp313-cp313-win_amd64.whl", hash = "sha256:9f73dba9ec77acb86457a8fc04b5239822df0c14a082564737833d2963677dbc", size = 9737709 },
    { url = "https://files.pythonhosted.org/packages/3b/86/72ce7f57431d87a7ff17d442f521146a6585019eb8f4f31b7c02801f78ad/mypy-1.13.0-py3-none-any.whl", hash = "sha256:9c250883f9fd81d212e0952c92dbfcc96fc237f4b7c92f56ac81fd48460b3e5a", size = 2647043 },
]

[[package]]
name = "mypy-boto3-cloudformation"
version = "1.35.41"
source = { registry = "https://pypi.org/simple" }
sdist = { url = "https://files.pythonhosted.org/packages/d2/61/7103e2a9b96d10b44784b310746a1e160e74007e185b3ae592a3e262d629/mypy_boto3_cloudformation-1.35.41.tar.gz", hash = "sha256:125698530718b36fd9e42a13cdc964028304440d80927adf2e1dfcf5e376839e", size = 54993 }
wheels = [
    { url = "https://files.pythonhosted.org/packages/e8/35/341a3c7d6d874cf72c794b857855c3a34f071c785b17b2dac6928cc6c4d9/mypy_boto3_cloudformation-1.35.41-py3-none-any.whl", hash = "sha256:c7b190f7179cd328b323558d4cb07ce520492c9ed0541ebe7c47af53b207fa30", size = 66608 },
]

[[package]]
name = "mypy-boto3-dynamodb"
version = "1.35.24"
source = { registry = "https://pypi.org/simple" }
sdist = { url = "https://files.pythonhosted.org/packages/12/d4/be0f81847ea24de0d622fa674299e800f9a452b88c234a3f7f6967a791e5/mypy_boto3_dynamodb-1.35.24.tar.gz", hash = "sha256:55bf897a1d0e354579edb05001f4bc4f472b9452badd9db24876c31bdf3f72a1", size = 47264 }
wheels = [
    { url = "https://files.pythonhosted.org/packages/f2/20/ec94ceae1992e79331ed7acbba5aec10cc6653e628272a8e82f09118a2d4/mypy_boto3_dynamodb-1.35.24-py3-none-any.whl", hash = "sha256:022859543c5314f14fb03ef4e445e34b97b9bc0cecb003c14c10943a2eaa3ff7", size = 56210 },
]

[[package]]
name = "mypy-boto3-ec2"
version = "1.35.48"
source = { registry = "https://pypi.org/simple" }
sdist = { url = "https://files.pythonhosted.org/packages/43/68/4996bb3a7638661ff66ef9857bec3adfc6d98c16c6b7c1ad4310d59aa412/mypy_boto3_ec2-1.35.48.tar.gz", hash = "sha256:73fb6eb4f86fc8636dd85bfaeba93d7fb9a9ae12270b0c805362faa7b460e8d7", size = 391009 }
wheels = [
    { url = "https://files.pythonhosted.org/packages/6a/84/de0675fda16dde493e6ef4c69e2d637b80503841e9ed4eaa1c489465d1ac/mypy_boto3_ec2-1.35.48-py3-none-any.whl", hash = "sha256:4eece247710d500884ad4294b4fcbd725f84555d7b8dc65f14e900816307828b", size = 383744 },
]

[[package]]
name = "mypy-boto3-lambda"
version = "1.35.49"
source = { registry = "https://pypi.org/simple" }
sdist = { url = "https://files.pythonhosted.org/packages/ae/86/49c807183e836179e8a2359440a7a7d87567f446a46d9c3099d4ec4d29bc/mypy_boto3_lambda-1.35.49.tar.gz", hash = "sha256:ed33d8077e3c95231703166e0d1dae8460b2500eb3a8588a0ef050ba1dcce6e1", size = 41605 }
wheels = [
    { url = "https://files.pythonhosted.org/packages/b6/65/af8991882344cdc87bda6aaa33a10ecaffcce2a6a25e8b22f83d0cd5ff6b/mypy_boto3_lambda-1.35.49-py3-none-any.whl", hash = "sha256:10d36265102c6bdff56c1195ee1ead8fac9e6a79c59d121864fb06cc0a3d2e8c", size = 48409 },
]

[[package]]
name = "mypy-boto3-rds"
version = "1.35.46"
source = { registry = "https://pypi.org/simple" }
sdist = { url = "https://files.pythonhosted.org/packages/7a/d9/3803ac464b6e7d46685563ce668d0f590ee5b9d80e7762d4a3fb50704f62/mypy_boto3_rds-1.35.46.tar.gz", hash = "sha256:03c729e306e977713dd4f771615e45d15efa60de531092b0e0e54131728964d2", size = 87011 }
wheels = [
    { url = "https://files.pythonhosted.org/packages/33/35/9c4ccd465192ce72397361bd493fca49f8700400392eac138de9d9edab0c/mypy_boto3_rds-1.35.46-py3-none-any.whl", hash = "sha256:59ec2979e57d30bef131ea3231b7aab1f33df3e728d37bcc5f98663a6fdcbd11", size = 93673 },
]

[[package]]
name = "mypy-boto3-s3"
version = "1.35.46"
source = { registry = "https://pypi.org/simple" }
sdist = { url = "https://files.pythonhosted.org/packages/f2/bc/483ab30ccba6af0c73959e4ed900b5e14eebae543a825fec74710e03621e/mypy_boto3_s3-1.35.46.tar.gz", hash = "sha256:f0087a3765d103b2db565cd8065ebc2b0f70f2dd4e92c132f64b8945dd869940", size = 73086 }
wheels = [
    { url = "https://files.pythonhosted.org/packages/67/a6/77a1496892c0a5e75b1524d750a4ab358352fd6e0ec2ff4eb2d3c22811f5/mypy_boto3_s3-1.35.46-py3-none-any.whl", hash = "sha256:34d19dfba400f5b9bd6b64f09eb8f8eedef60545b410a3753fe99fec0c41ba78", size = 80235 },
]

[[package]]
name = "mypy-boto3-sqs"
version = "1.35.0"
source = { registry = "https://pypi.org/simple" }
sdist = { url = "https://files.pythonhosted.org/packages/ee/e5/e8228deac8720ddd152c8ff8f55fa5ef27f1c256835dd98063cd754570c7/mypy_boto3_sqs-1.35.0.tar.gz", hash = "sha256:61752f1c2bf2efa3815f64d43c25b4a39dbdbd9e472ae48aa18d7c6d2a7a6eb8", size = 22253 }
wheels = [
    { url = "https://files.pythonhosted.org/packages/c2/46/5ad44cf9d4725a4530b9ea9d0fdb01893d2f5fa7b23e51b0d483635350ff/mypy_boto3_sqs-1.35.0-py3-none-any.whl", hash = "sha256:9fd6e622ed231c06f7542ba6f8f0eea92046cace24defa95d0d0ce04e7caee0c", size = 33032 },
]

[[package]]
name = "mypy-extensions"
version = "1.0.0"
source = { registry = "https://pypi.org/simple" }
sdist = { url = "https://files.pythonhosted.org/packages/98/a4/1ab47638b92648243faf97a5aeb6ea83059cc3624972ab6b8d2316078d3f/mypy_extensions-1.0.0.tar.gz", hash = "sha256:75dbf8955dc00442a438fc4d0666508a9a97b6bd41aa2f0ffe9d2f2725af0782", size = 4433 }
wheels = [
    { url = "https://files.pythonhosted.org/packages/2a/e2/5d3f6ada4297caebe1a2add3b126fe800c96f56dbe5d1988a2cbe0b267aa/mypy_extensions-1.0.0-py3-none-any.whl", hash = "sha256:4392f6c0eb8a5668a69e23d168ffa70f0be9ccfd32b5cc2d26a34ae5b844552d", size = 4695 },
]

[[package]]
name = "packaging"
version = "24.1"
source = { registry = "https://pypi.org/simple" }
sdist = { url = "https://files.pythonhosted.org/packages/51/65/50db4dda066951078f0a96cf12f4b9ada6e4b811516bf0262c0f4f7064d4/packaging-24.1.tar.gz", hash = "sha256:026ed72c8ed3fcce5bf8950572258698927fd1dbda10a5e981cdf0ac37f4f002", size = 148788 }
wheels = [
    { url = "https://files.pythonhosted.org/packages/08/aa/cc0199a5f0ad350994d660967a8efb233fe0416e4639146c089643407ce6/packaging-24.1-py3-none-any.whl", hash = "sha256:5b8f2217dbdbd2f7f384c41c628544e6d52f2d0f53c6d0c3ea61aa5d1d7ff124", size = 53985 },
]

[[package]]
name = "pluggy"
version = "1.5.0"
source = { registry = "https://pypi.org/simple" }
sdist = { url = "https://files.pythonhosted.org/packages/96/2d/02d4312c973c6050a18b314a5ad0b3210edb65a906f868e31c111dede4a6/pluggy-1.5.0.tar.gz", hash = "sha256:2cffa88e94fdc978c4c574f15f9e59b7f4201d439195c3715ca9e2486f1d0cf1", size = 67955 }
wheels = [
    { url = "https://files.pythonhosted.org/packages/88/5f/e351af9a41f866ac3f1fac4ca0613908d9a41741cfcf2228f4ad853b697d/pluggy-1.5.0-py3-none-any.whl", hash = "sha256:44e1ad92c8ca002de6377e165f3e0f1be63266ab4d554740532335b9d75ea669", size = 20556 },
]

[[package]]
name = "pytest"
version = "8.3.3"
source = { registry = "https://pypi.org/simple" }
dependencies = [
    { name = "colorama", marker = "sys_platform == 'win32'" },
    { name = "iniconfig" },
    { name = "packaging" },
    { name = "pluggy" },
]
sdist = { url = "https://files.pythonhosted.org/packages/8b/6c/62bbd536103af674e227c41a8f3dcd022d591f6eed5facb5a0f31ee33bbc/pytest-8.3.3.tar.gz", hash = "sha256:70b98107bd648308a7952b06e6ca9a50bc660be218d53c257cc1fc94fda10181", size = 1442487 }
wheels = [
    { url = "https://files.pythonhosted.org/packages/6b/77/7440a06a8ead44c7757a64362dd22df5760f9b12dc5f11b6188cd2fc27a0/pytest-8.3.3-py3-none-any.whl", hash = "sha256:a6853c7375b2663155079443d2e45de913a911a11d669df02a50814944db57b2", size = 342341 },
]

[[package]]
name = "python-dateutil"
version = "2.9.0.post0"
source = { registry = "https://pypi.org/simple" }
dependencies = [
    { name = "six" },
]
sdist = { url = "https://files.pythonhosted.org/packages/66/c0/0c8b6ad9f17a802ee498c46e004a0eb49bc148f2fd230864601a86dcf6db/python-dateutil-2.9.0.post0.tar.gz", hash = "sha256:37dd54208da7e1cd875388217d5e00ebd4179249f90fb72437e91a35459a0ad3", size = 342432 }
wheels = [
    { url = "https://files.pythonhosted.org/packages/ec/57/56b9bcc3c9c6a792fcbaf139543cee77261f3651ca9da0c93f5c1221264b/python_dateutil-2.9.0.post0-py2.py3-none-any.whl", hash = "sha256:a8b2bc7bffae282281c8140a97d3aa9c14da0b136dfe83f850eea9a5f7470427", size = 229892 },
]

[[package]]
name = "python-magic"
version = "0.4.27"
source = { registry = "https://pypi.org/simple" }
sdist = { url = "https://files.pythonhosted.org/packages/da/db/0b3e28ac047452d079d375ec6798bf76a036a08182dbb39ed38116a49130/python-magic-0.4.27.tar.gz", hash = "sha256:c1ba14b08e4a5f5c31a302b7721239695b2f0f058d125bd5ce1ee36b9d9d3c3b", size = 14677 }
wheels = [
    { url = "https://files.pythonhosted.org/packages/6c/73/9f872cb81fc5c3bb48f7227872c28975f998f3e7c2b1c16e95e6432bbb90/python_magic-0.4.27-py2.py3-none-any.whl", hash = "sha256:c212960ad306f700aa0d01e5d7a325d20548ff97eb9920dcd29513174f0294d3", size = 13840 },
]

[[package]]
name = "pywikibot"
version = "9.4.1"
source = { registry = "https://pypi.org/simple" }
dependencies = [
    { name = "mwparserfromhell" },
    { name = "packaging" },
    { name = "requests" },
]
sdist = { url = "https://files.pythonhosted.org/packages/f6/0b/4803ea48c1a491bcfbb13c48218fb8ae9e02147f509396c42859406e4b19/pywikibot-9.4.1.tar.gz", hash = "sha256:8ee81b9844636d9eec462a51328cccec70ad0c102edf14a615f9e87610422b4c", size = 620209 }
wheels = [
    { url = "https://files.pythonhosted.org/packages/dc/c3/5582904b18a6c969725b6914422f4585979f3e0ff6d7821eceba65f5c9e3/pywikibot-9.4.1-py3-none-any.whl", hash = "sha256:a9a2088c31f4f40a855eeb9e102f8518e0810c88558d3f2100c3a2874186c0c9", size = 725499 },
]

[[package]]
name = "requests"
version = "2.32.3"
source = { registry = "https://pypi.org/simple" }
dependencies = [
    { name = "certifi" },
    { name = "charset-normalizer" },
    { name = "idna" },
    { name = "urllib3" },
]
sdist = { url = "https://files.pythonhosted.org/packages/63/70/2bf7780ad2d390a8d301ad0b550f1581eadbd9a20f896afe06353c2a2913/requests-2.32.3.tar.gz", hash = "sha256:55365417734eb18255590a9ff9eb97e9e1da868d4ccd6402399eaf68af20a760", size = 131218 }
wheels = [
    { url = "https://files.pythonhosted.org/packages/f9/9b/335f9764261e915ed497fcdeb11df5dfd6f7bf257d4a6a2a686d80da4d54/requests-2.32.3-py3-none-any.whl", hash = "sha256:70761cfe03c773ceb22aa2f671b4757976145175cdfca038c02654d061d6dcc6", size = 64928 },
]

[[package]]
name = "s3transfer"
version = "0.10.3"
source = { registry = "https://pypi.org/simple" }
dependencies = [
    { name = "botocore" },
]
sdist = { url = "https://files.pythonhosted.org/packages/a0/a8/e0a98fd7bd874914f0608ef7c90ffde17e116aefad765021de0f012690a2/s3transfer-0.10.3.tar.gz", hash = "sha256:4f50ed74ab84d474ce614475e0b8d5047ff080810aac5d01ea25231cfc944b0c", size = 144591 }
wheels = [
    { url = "https://files.pythonhosted.org/packages/e5/c0/b0fba8259b61c938c9733da9346b9f93e00881a9db22aafdd72f6ae0ec05/s3transfer-0.10.3-py3-none-any.whl", hash = "sha256:263ed587a5803c6c708d3ce44dc4dfedaab4c1a32e8329bab818933d79ddcf5d", size = 82625 },
]

[[package]]
name = "six"
version = "1.16.0"
source = { registry = "https://pypi.org/simple" }
sdist = { url = "https://files.pythonhosted.org/packages/71/39/171f1c67cd00715f190ba0b100d606d440a28c93c7714febeca8b79af85e/six-1.16.0.tar.gz", hash = "sha256:1e61c37477a1626458e36f7b1d82aa5c9b094fa4802892072e49de9c60c4c926", size = 34041 }
wheels = [
    { url = "https://files.pythonhosted.org/packages/d9/5a/e7c31adbe875f2abbb91bd84cf2dc52d792b5a01506781dbcf25c91daf11/six-1.16.0-py2.py3-none-any.whl", hash = "sha256:8abb2f1d86890a2dfb989f9a77cfcfd3e47c2a354b01111771326f8aa26e0254", size = 11053 },
]

[[package]]
name = "soupsieve"
version = "2.6"
source = { registry = "https://pypi.org/simple" }
sdist = { url = "https://files.pythonhosted.org/packages/d7/ce/fbaeed4f9fb8b2daa961f90591662df6a86c1abf25c548329a86920aedfb/soupsieve-2.6.tar.gz", hash = "sha256:e2e68417777af359ec65daac1057404a3c8a5455bb8abc36f1a9866ab1a51abb", size = 101569 }
wheels = [
    { url = "https://files.pythonhosted.org/packages/d1/c2/fe97d779f3ef3b15f05c94a2f1e3d21732574ed441687474db9d342a7315/soupsieve-2.6-py3-none-any.whl", hash = "sha256:e72c4ff06e4fb6e4b5a9f0f55fe6e81514581fca1515028625d0f299c602ccc9", size = 36186 },
]

[[package]]
name = "types-awscrt"
version = "0.23.0"
source = { registry = "https://pypi.org/simple" }
sdist = { url = "https://files.pythonhosted.org/packages/dd/23/7de2052a76ec03cdc56cb425efbcb80e9d779a188cd1ae44e8524c717c35/types_awscrt-0.23.0.tar.gz", hash = "sha256:3fd1edeac923d1956c0e907c973fb83bda465beae7f054716b371b293f9b5fdc", size = 14942 }
wheels = [
    { url = "https://files.pythonhosted.org/packages/fc/05/155d84a2a73083bf3243584ae90d9710eac7d31f54362e35ca413bdaba39/types_awscrt-0.23.0-py3-none-any.whl", hash = "sha256:517d9d06f19cf58d778ca90ad01e52e0489466bf70dcf78c7f47f74fdf151a60", size = 18406 },
]

[[package]]
name = "types-requests"
version = "2.32.0.20241016"
source = { registry = "https://pypi.org/simple" }
dependencies = [
    { name = "urllib3" },
]
sdist = { url = "https://files.pythonhosted.org/packages/fa/3c/4f2a430c01a22abd49a583b6b944173e39e7d01b688190a5618bd59a2e22/types-requests-2.32.0.20241016.tar.gz", hash = "sha256:0d9cad2f27515d0e3e3da7134a1b6f28fb97129d86b867f24d9c726452634d95", size = 18065 }
wheels = [
    { url = "https://files.pythonhosted.org/packages/d7/01/485b3026ff90e5190b5e24f1711522e06c79f4a56c8f4b95848ac072e20f/types_requests-2.32.0.20241016-py3-none-any.whl", hash = "sha256:4195d62d6d3e043a4eaaf08ff8a62184584d2e8684e9d2aa178c7915a7da3747", size = 15836 },
]

[[package]]
name = "types-s3transfer"
version = "0.10.3"
source = { registry = "https://pypi.org/simple" }
sdist = { url = "https://files.pythonhosted.org/packages/41/60/3e58d63d1aea14a1c86eb89d717b1e2a3fcf1cc6bd1ae9dd21ab0ba14e8d/types_s3transfer-0.10.3.tar.gz", hash = "sha256:f761b2876ac4c208e6c6b75cdf5f6939009768be9950c545b11b0225e7703ee7", size = 13837 }
wheels = [
    { url = "https://files.pythonhosted.org/packages/a4/15/983b535b1f76db52f3b428ef079aa3013c71a8b7aaab98edee4a1b2ab647/types_s3transfer-0.10.3-py3-none-any.whl", hash = "sha256:d34c5a82f531af95bb550927136ff5b737a1ed3087f90a59d545591dfde5b4cc", size = 18740 },
]

[[package]]
name = "typing-extensions"
version = "4.12.2"
source = { registry = "https://pypi.org/simple" }
sdist = { url = "https://files.pythonhosted.org/packages/df/db/f35a00659bc03fec321ba8bce9420de607a1d37f8342eee1863174c69557/typing_extensions-4.12.2.tar.gz", hash = "sha256:1a7ead55c7e559dd4dee8856e3a88b41225abfe1ce8df57b7c13915fe121ffb8", size = 85321 }
wheels = [
    { url = "https://files.pythonhosted.org/packages/26/9f/ad63fc0248c5379346306f8668cda6e2e2e9c95e01216d2b8ffd9ff037d0/typing_extensions-4.12.2-py3-none-any.whl", hash = "sha256:04e5ca0351e0f3f85c6853954072df659d0d13fac324d0072316b67d7794700d", size = 37438 },
]

[[package]]
name = "urllib3"
version = "2.2.3"
source = { registry = "https://pypi.org/simple" }
sdist = { url = "https://files.pythonhosted.org/packages/ed/63/22ba4ebfe7430b76388e7cd448d5478814d3032121827c12a2cc287e2260/urllib3-2.2.3.tar.gz", hash = "sha256:e7d814a81dad81e6caf2ec9fdedb284ecc9c73076b62654547cc64ccdcae26e9", size = 300677 }
wheels = [
    { url = "https://files.pythonhosted.org/packages/ce/d9/5f4c13cecde62396b0d3fe530a50ccea91e7dfc1ccf0e09c228841bb5ba8/urllib3-2.2.3-py3-none-any.whl", hash = "sha256:ca899ca043dcb1bafa3e262d73aa25c465bfb49e0bd9dd5d59f1d0acba2f8fac", size = 126338 },
]
